
Microsoft Visual Studio Solution File, Format Version 12.00
# Visual Studio Version 16
VisualStudioVersion = 16.0.31019.35
MinimumVisualStudioVersion = 10.0.40219.1
Project("{9A19103F-16F7-4668-BE54-9A1E7A4F7556}") = "Ecom.Backend", "Ecom.Backend\Ecom.Backend.csproj", "{0454D024-3BE6-4DDD-B18F-A12A39E455C0}"
EndProject
Project("{9A19103F-16F7-4668-BE54-9A1E7A4F7556}") = "Ecom.Shared", "Ecom.Shared\Ecom.Shared.csproj", "{905DB343-3C24-46A6-BCA1-1CF3EFE9FFFB}"
EndProject
Project("{FAE04EC0-301F-11D3-BF4B-00C04F79EFBC}") = "Ecom.CustomerSite", "Ecom.CustomerSite\Ecom.CustomerSite.csproj", "{F19D3A94-B8F5-4EEB-BE26-DE88F7DE0D4D}"
EndProject
Global
	GlobalSection(SolutionConfigurationPlatforms) = preSolution
		Debug|Any CPU = Debug|Any CPU
		Release|Any CPU = Release|Any CPU
	EndGlobalSection
	GlobalSection(ProjectConfigurationPlatforms) = postSolution
		{0454D024-3BE6-4DDD-B18F-A12A39E455C0}.Debug|Any CPU.ActiveCfg = Debug|Any CPU
		{0454D024-3BE6-4DDD-B18F-A12A39E455C0}.Debug|Any CPU.Build.0 = Debug|Any CPU
		{0454D024-3BE6-4DDD-B18F-A12A39E455C0}.Release|Any CPU.ActiveCfg = Release|Any CPU
		{0454D024-3BE6-4DDD-B18F-A12A39E455C0}.Release|Any CPU.Build.0 = Release|Any CPU
		{905DB343-3C24-46A6-BCA1-1CF3EFE9FFFB}.Debug|Any CPU.ActiveCfg = Debug|Any CPU
		{905DB343-3C24-46A6-BCA1-1CF3EFE9FFFB}.Debug|Any CPU.Build.0 = Debug|Any CPU
		{905DB343-3C24-46A6-BCA1-1CF3EFE9FFFB}.Release|Any CPU.ActiveCfg = Release|Any CPU
		{905DB343-3C24-46A6-BCA1-1CF3EFE9FFFB}.Release|Any CPU.Build.0 = Release|Any CPU
		{F19D3A94-B8F5-4EEB-BE26-DE88F7DE0D4D}.Debug|Any CPU.ActiveCfg = Debug|Any CPU
		{F19D3A94-B8F5-4EEB-BE26-DE88F7DE0D4D}.Debug|Any CPU.Build.0 = Debug|Any CPU
		{F19D3A94-B8F5-4EEB-BE26-DE88F7DE0D4D}.Release|Any CPU.ActiveCfg = Release|Any CPU
		{F19D3A94-B8F5-4EEB-BE26-DE88F7DE0D4D}.Release|Any CPU.Build.0 = Release|Any CPU
	EndGlobalSection
	GlobalSection(SolutionProperties) = preSolution
		HideSolutionNode = FALSE
	EndGlobalSection
	GlobalSection(ExtensibilityGlobals) = postSolution
		SolutionGuid = {CE809CDC-2606-4AD2-AA21-71E34C9DA565}
	EndGlobalSection
EndGlobal
